// !$*UTF8*$!
{
	archiveVersion = 1;
	classes = {
	};
	objectVersion = 56;
	objects = {

/* Begin PBXBuildFile section */
		6400C7952B8F813700B11CBC /* MarkerProgressView.swift in Sources */ = {isa = PBXBuildFile; fileRef = 6400C7942B8F813700B11CBC /* MarkerProgressView.swift */; };
		6400C7962B8F813700B11CBC /* MarkerProgressView.swift in Sources */ = {isa = PBXBuildFile; fileRef = 6400C7942B8F813700B11CBC /* MarkerProgressView.swift */; };
		642470422B8B3B1A00951547 /* LifelineApp.swift in Sources */ = {isa = PBXBuildFile; fileRef = 642470412B8B3B1A00951547 /* LifelineApp.swift */; };
		642470442B8B3B1A00951547 /* LifeExpectancyView.swift in Sources */ = {isa = PBXBuildFile; fileRef = 642470432B8B3B1A00951547 /* LifeExpectancyView.swift */; };
		642470462B8B3B1A00951547 /* Assets.xcassets in Resources */ = {isa = PBXBuildFile; fileRef = 642470452B8B3B1A00951547 /* Assets.xcassets */; };
		642470492B8B3B1A00951547 /* Preview Assets.xcassets in Resources */ = {isa = PBXBuildFile; fileRef = 642470482B8B3B1A00951547 /* Preview Assets.xcassets */; };
		642470532B8B3B1B00951547 /* LifelineTests.swift in Sources */ = {isa = PBXBuildFile; fileRef = 642470522B8B3B1B00951547 /* LifelineTests.swift */; };
		6424705D2B8B3B1B00951547 /* LifelineUITests.swift in Sources */ = {isa = PBXBuildFile; fileRef = 6424705C2B8B3B1B00951547 /* LifelineUITests.swift */; };
		6424705F2B8B3B1B00951547 /* LifelineUITestsLaunchTests.swift in Sources */ = {isa = PBXBuildFile; fileRef = 6424705E2B8B3B1B00951547 /* LifelineUITestsLaunchTests.swift */; };
		645B0B292B8CDA5B00D14476 /* LifeStats.swift in Sources */ = {isa = PBXBuildFile; fileRef = 645B0B282B8CDA5B00D14476 /* LifeStats.swift */; };
		645B0B2A2B8CDA5B00D14476 /* LifeStats.swift in Sources */ = {isa = PBXBuildFile; fileRef = 645B0B282B8CDA5B00D14476 /* LifeStats.swift */; };
		645B0B2C2B8CDD6B00D14476 /* AppIntent.swift in Sources */ = {isa = PBXBuildFile; fileRef = 645B0B2B2B8CDD6B00D14476 /* AppIntent.swift */; };
		645B0B2D2B8CDD6B00D14476 /* AppIntent.swift in Sources */ = {isa = PBXBuildFile; fileRef = 645B0B2B2B8CDD6B00D14476 /* AppIntent.swift */; };
		645B0B2F2B8CDE6B00D14476 /* LifelineWidgetSmall.swift in Sources */ = {isa = PBXBuildFile; fileRef = 645B0B2E2B8CDE6B00D14476 /* LifelineWidgetSmall.swift */; };
		645B0B312B8CE78500D14476 /* LifelineWidgetMedium.swift in Sources */ = {isa = PBXBuildFile; fileRef = 645B0B302B8CE78500D14476 /* LifelineWidgetMedium.swift */; };
		645DDA062B8BD4AE00F712E4 /* ProgressBarView.swift in Sources */ = {isa = PBXBuildFile; fileRef = 645DDA052B8BD4AE00F712E4 /* ProgressBarView.swift */; };
		645DDA2B2B8BDDE500F712E4 /* WidgetKit.framework in Frameworks */ = {isa = PBXBuildFile; fileRef = 645DDA2A2B8BDDE500F712E4 /* WidgetKit.framework */; };
		645DDA2D2B8BDDE500F712E4 /* SwiftUI.framework in Frameworks */ = {isa = PBXBuildFile; fileRef = 645DDA2C2B8BDDE500F712E4 /* SwiftUI.framework */; };
		645DDA302B8BDDE500F712E4 /* WidgetExtensionBundle.swift in Sources */ = {isa = PBXBuildFile; fileRef = 645DDA2F2B8BDDE500F712E4 /* WidgetExtensionBundle.swift */; };
		645DDA342B8BDDE500F712E4 /* WidgetExtension.swift in Sources */ = {isa = PBXBuildFile; fileRef = 645DDA332B8BDDE500F712E4 /* WidgetExtension.swift */; };
		645DDA382B8BDDE600F712E4 /* Assets.xcassets in Resources */ = {isa = PBXBuildFile; fileRef = 645DDA372B8BDDE600F712E4 /* Assets.xcassets */; };
		645DDA3C2B8BDDE600F712E4 /* WidgetExtensionExtension.appex in Embed Foundation Extensions */ = {isa = PBXBuildFile; fileRef = 645DDA282B8BDDE500F712E4 /* WidgetExtensionExtension.appex */; settings = {ATTRIBUTES = (RemoveHeadersOnCopy, ); }; };
		645DDA422B8BDF5500F712E4 /* LifelineView.swift in Sources */ = {isa = PBXBuildFile; fileRef = 645DDA412B8BDF5500F712E4 /* LifelineView.swift */; };
		645DDA482B8BE3F500F712E4 /* SharedAppStorage.swift in Sources */ = {isa = PBXBuildFile; fileRef = 645DDA472B8BE3F500F712E4 /* SharedAppStorage.swift */; };
		645DDA492B8BE3F500F712E4 /* SharedAppStorage.swift in Sources */ = {isa = PBXBuildFile; fileRef = 645DDA472B8BE3F500F712E4 /* SharedAppStorage.swift */; };
		64703A022B8F354500380D5C /* TextBubble.swift in Sources */ = {isa = PBXBuildFile; fileRef = 64703A012B8F354500380D5C /* TextBubble.swift */; };
		64703A032B8F354500380D5C /* TextBubble.swift in Sources */ = {isa = PBXBuildFile; fileRef = 64703A012B8F354500380D5C /* TextBubble.swift */; };
		64703A042B8F357500380D5C /* ProgressBarView.swift in Sources */ = {isa = PBXBuildFile; fileRef = 645DDA052B8BD4AE00F712E4 /* ProgressBarView.swift */; };
		64703A052B8F4A1300380D5C /* LifelineView.swift in Sources */ = {isa = PBXBuildFile; fileRef = 645DDA412B8BDF5500F712E4 /* LifelineView.swift */; };
		648B31622E8995F200380C60 /* TabBarView.swift in Sources */ = {isa = PBXBuildFile; fileRef = 648B31602E8995EA00380C60 /* TabBarView.swift */; };
		648B31662E8998E900380C60 /* ExportView.swift in Sources */ = {isa = PBXBuildFile; fileRef = 648B31642E8998E700380C60 /* ExportView.swift */; };
		648B316A2E899A6B00380C60 /* HealthKitAuthorizer.swift in Sources */ = {isa = PBXBuildFile; fileRef = 648B31692E899A6400380C60 /* HealthKitAuthorizer.swift */; };
		648B316B2E899A6B00380C60 /* HealthKitAuthorizer.swift in Sources */ = {isa = PBXBuildFile; fileRef = 648B31692E899A6400380C60 /* HealthKitAuthorizer.swift */; };
		648B316D2E899A9E00380C60 /* HealthKitReader.swift in Sources */ = {isa = PBXBuildFile; fileRef = 648B316C2E899A9A00380C60 /* HealthKitReader.swift */; };
		648B316E2E899A9E00380C60 /* HealthKitReader.swift in Sources */ = {isa = PBXBuildFile; fileRef = 648B316C2E899A9A00380C60 /* HealthKitReader.swift */; };
		648B31702E899D7B00380C60 /* HealthKitManager.swift in Sources */ = {isa = PBXBuildFile; fileRef = 648B316F2E899D7700380C60 /* HealthKitManager.swift */; };
		648B31712E899D7B00380C60 /* HealthKitManager.swift in Sources */ = {isa = PBXBuildFile; fileRef = 648B316F2E899D7700380C60 /* HealthKitManager.swift */; };
		648B31752E89A26300380C60 /* CSV.swift in Sources */ = {isa = PBXBuildFile; fileRef = 648B31732E89A26100380C60 /* CSV.swift */; };
/* End PBXBuildFile section */

/* Begin PBXContainerItemProxy section */
		6424704F2B8B3B1B00951547 /* PBXContainerItemProxy */ = {
			isa = PBXContainerItemProxy;
			containerPortal = 642470362B8B3B1900951547 /* Project object */;
			proxyType = 1;
			remoteGlobalIDString = 6424703D2B8B3B1900951547;
			remoteInfo = Lifeline;
		};
		642470592B8B3B1B00951547 /* PBXContainerItemProxy */ = {
			isa = PBXContainerItemProxy;
			containerPortal = 642470362B8B3B1900951547 /* Project object */;
			proxyType = 1;
			remoteGlobalIDString = 6424703D2B8B3B1900951547;
			remoteInfo = Lifeline;
		};
		645DDA3A2B8BDDE600F712E4 /* PBXContainerItemProxy */ = {
			isa = PBXContainerItemProxy;
			containerPortal = 642470362B8B3B1900951547 /* Project object */;
			proxyType = 1;
			remoteGlobalIDString = 645DDA272B8BDDE500F712E4;
			remoteInfo = WidgetExtensionExtension;
		};
/* End PBXContainerItemProxy section */

/* Begin PBXCopyFilesBuildPhase section */
		645DDA3D2B8BDDE600F712E4 /* Embed Foundation Extensions */ = {
			isa = PBXCopyFilesBuildPhase;
			buildActionMask = 2147483647;
			dstPath = "";
			dstSubfolderSpec = 13;
			files = (
				645DDA3C2B8BDDE600F712E4 /* WidgetExtensionExtension.appex in Embed Foundation Extensions */,
			);
			name = "Embed Foundation Extensions";
			runOnlyForDeploymentPostprocessing = 0;
		};
/* End PBXCopyFilesBuildPhase section */

/* Begin PBXFileReference section */
		6400C7942B8F813700B11CBC /* MarkerProgressView.swift */ = {isa = PBXFileReference; lastKnownFileType = sourcecode.swift; path = MarkerProgressView.swift; sourceTree = "<group>"; };
		6424703E2B8B3B1A00951547 /* Lifeline.app */ = {isa = PBXFileReference; explicitFileType = wrapper.application; includeInIndex = 0; path = Lifeline.app; sourceTree = BUILT_PRODUCTS_DIR; };
		642470412B8B3B1A00951547 /* LifelineApp.swift */ = {isa = PBXFileReference; lastKnownFileType = sourcecode.swift; path = LifelineApp.swift; sourceTree = "<group>"; };
		642470432B8B3B1A00951547 /* LifeExpectancyView.swift */ = {isa = PBXFileReference; lastKnownFileType = sourcecode.swift; path = LifeExpectancyView.swift; sourceTree = "<group>"; };
		642470452B8B3B1A00951547 /* Assets.xcassets */ = {isa = PBXFileReference; lastKnownFileType = folder.assetcatalog; path = Assets.xcassets; sourceTree = "<group>"; };
		642470482B8B3B1A00951547 /* Preview Assets.xcassets */ = {isa = PBXFileReference; lastKnownFileType = folder.assetcatalog; path = "Preview Assets.xcassets"; sourceTree = "<group>"; };
		6424704E2B8B3B1B00951547 /* LifelineTests.xctest */ = {isa = PBXFileReference; explicitFileType = wrapper.cfbundle; includeInIndex = 0; path = LifelineTests.xctest; sourceTree = BUILT_PRODUCTS_DIR; };
		642470522B8B3B1B00951547 /* LifelineTests.swift */ = {isa = PBXFileReference; lastKnownFileType = sourcecode.swift; path = LifelineTests.swift; sourceTree = "<group>"; };
		642470582B8B3B1B00951547 /* LifelineUITests.xctest */ = {isa = PBXFileReference; explicitFileType = wrapper.cfbundle; includeInIndex = 0; path = LifelineUITests.xctest; sourceTree = BUILT_PRODUCTS_DIR; };
		6424705C2B8B3B1B00951547 /* LifelineUITests.swift */ = {isa = PBXFileReference; lastKnownFileType = sourcecode.swift; path = LifelineUITests.swift; sourceTree = "<group>"; };
		6424705E2B8B3B1B00951547 /* LifelineUITestsLaunchTests.swift */ = {isa = PBXFileReference; lastKnownFileType = sourcecode.swift; path = LifelineUITestsLaunchTests.swift; sourceTree = "<group>"; };
		645B0B282B8CDA5B00D14476 /* LifeStats.swift */ = {isa = PBXFileReference; lastKnownFileType = sourcecode.swift; path = LifeStats.swift; sourceTree = "<group>"; };
		645B0B2B2B8CDD6B00D14476 /* AppIntent.swift */ = {isa = PBXFileReference; fileEncoding = 4; lastKnownFileType = sourcecode.swift; path = AppIntent.swift; sourceTree = "<group>"; };
		645B0B2E2B8CDE6B00D14476 /* LifelineWidgetSmall.swift */ = {isa = PBXFileReference; lastKnownFileType = sourcecode.swift; path = LifelineWidgetSmall.swift; sourceTree = "<group>"; };
		645B0B302B8CE78500D14476 /* LifelineWidgetMedium.swift */ = {isa = PBXFileReference; fileEncoding = 4; lastKnownFileType = sourcecode.swift; path = LifelineWidgetMedium.swift; sourceTree = "<group>"; };
		645DDA052B8BD4AE00F712E4 /* ProgressBarView.swift */ = {isa = PBXFileReference; lastKnownFileType = sourcecode.swift; path = ProgressBarView.swift; sourceTree = "<group>"; };
		645DDA282B8BDDE500F712E4 /* WidgetExtensionExtension.appex */ = {isa = PBXFileReference; explicitFileType = "wrapper.app-extension"; includeInIndex = 0; path = WidgetExtensionExtension.appex; sourceTree = BUILT_PRODUCTS_DIR; };
		645DDA2A2B8BDDE500F712E4 /* WidgetKit.framework */ = {isa = PBXFileReference; lastKnownFileType = wrapper.framework; name = WidgetKit.framework; path = System/Library/Frameworks/WidgetKit.framework; sourceTree = SDKROOT; };
		645DDA2C2B8BDDE500F712E4 /* SwiftUI.framework */ = {isa = PBXFileReference; lastKnownFileType = wrapper.framework; name = SwiftUI.framework; path = System/Library/Frameworks/SwiftUI.framework; sourceTree = SDKROOT; };
		645DDA2F2B8BDDE500F712E4 /* WidgetExtensionBundle.swift */ = {isa = PBXFileReference; lastKnownFileType = sourcecode.swift; path = WidgetExtensionBundle.swift; sourceTree = "<group>"; };
		645DDA332B8BDDE500F712E4 /* WidgetExtension.swift */ = {isa = PBXFileReference; lastKnownFileType = sourcecode.swift; path = WidgetExtension.swift; sourceTree = "<group>"; };
		645DDA372B8BDDE600F712E4 /* Assets.xcassets */ = {isa = PBXFileReference; lastKnownFileType = folder.assetcatalog; path = Assets.xcassets; sourceTree = "<group>"; };
		645DDA392B8BDDE600F712E4 /* Info.plist */ = {isa = PBXFileReference; lastKnownFileType = text.plist.xml; path = Info.plist; sourceTree = "<group>"; };
		645DDA412B8BDF5500F712E4 /* LifelineView.swift */ = {isa = PBXFileReference; lastKnownFileType = sourcecode.swift; path = LifelineView.swift; sourceTree = "<group>"; };
		645DDA452B8BE23700F712E4 /* WidgetExtensionExtension.entitlements */ = {isa = PBXFileReference; lastKnownFileType = text.plist.entitlements; path = WidgetExtensionExtension.entitlements; sourceTree = "<group>"; };
		645DDA462B8BE25500F712E4 /* Lifeline.entitlements */ = {isa = PBXFileReference; lastKnownFileType = text.plist.entitlements; path = Lifeline.entitlements; sourceTree = "<group>"; };
		645DDA472B8BE3F500F712E4 /* SharedAppStorage.swift */ = {isa = PBXFileReference; lastKnownFileType = sourcecode.swift; path = SharedAppStorage.swift; sourceTree = "<group>"; };
		64703A012B8F354500380D5C /* TextBubble.swift */ = {isa = PBXFileReference; lastKnownFileType = sourcecode.swift; path = TextBubble.swift; sourceTree = "<group>"; };
		648B31602E8995EA00380C60 /* TabBarView.swift */ = {isa = PBXFileReference; lastKnownFileType = sourcecode.swift; path = TabBarView.swift; sourceTree = "<group>"; };
		648B31642E8998E700380C60 /* ExportView.swift */ = {isa = PBXFileReference; lastKnownFileType = sourcecode.swift; path = ExportView.swift; sourceTree = "<group>"; };
		648B31692E899A6400380C60 /* HealthKitAuthorizer.swift */ = {isa = PBXFileReference; lastKnownFileType = sourcecode.swift; path = HealthKitAuthorizer.swift; sourceTree = "<group>"; };
		648B316C2E899A9A00380C60 /* HealthKitReader.swift */ = {isa = PBXFileReference; lastKnownFileType = sourcecode.swift; path = HealthKitReader.swift; sourceTree = "<group>"; };
		648B316F2E899D7700380C60 /* HealthKitManager.swift */ = {isa = PBXFileReference; lastKnownFileType = sourcecode.swift; path = HealthKitManager.swift; sourceTree = "<group>"; };
		648B31732E89A26100380C60 /* CSV.swift */ = {isa = PBXFileReference; lastKnownFileType = sourcecode.swift; path = CSV.swift; sourceTree = "<group>"; };
/* End PBXFileReference section */

/* Begin PBXFrameworksBuildPhase section */
		6424703B2B8B3B1900951547 /* Frameworks */ = {
			isa = PBXFrameworksBuildPhase;
			buildActionMask = 2147483647;
			files = (
			);
			runOnlyForDeploymentPostprocessing = 0;
		};
		6424704B2B8B3B1B00951547 /* Frameworks */ = {
			isa = PBXFrameworksBuildPhase;
			buildActionMask = 2147483647;
			files = (
			);
			runOnlyForDeploymentPostprocessing = 0;
		};
		642470552B8B3B1B00951547 /* Frameworks */ = {
			isa = PBXFrameworksBuildPhase;
			buildActionMask = 2147483647;
			files = (
			);
			runOnlyForDeploymentPostprocessing = 0;
		};
		645DDA252B8BDDE500F712E4 /* Frameworks */ = {
			isa = PBXFrameworksBuildPhase;
			buildActionMask = 2147483647;
			files = (
				645DDA2D2B8BDDE500F712E4 /* SwiftUI.framework in Frameworks */,
				645DDA2B2B8BDDE500F712E4 /* WidgetKit.framework in Frameworks */,
			);
			runOnlyForDeploymentPostprocessing = 0;
		};
/* End PBXFrameworksBuildPhase section */

/* Begin PBXGroup section */
		642470352B8B3B1900951547 = {
			isa = PBXGroup;
			children = (
				645DDA452B8BE23700F712E4 /* WidgetExtensionExtension.entitlements */,
				642470402B8B3B1A00951547 /* Lifeline */,
				642470512B8B3B1B00951547 /* LifelineTests */,
				6424705B2B8B3B1B00951547 /* LifelineUITests */,
				645DDA2E2B8BDDE500F712E4 /* WidgetExtension */,
				645DDA292B8BDDE500F712E4 /* Frameworks */,
				6424703F2B8B3B1A00951547 /* Products */,
			);
			sourceTree = "<group>";
		};
		6424703F2B8B3B1A00951547 /* Products */ = {
			isa = PBXGroup;
			children = (
				6424703E2B8B3B1A00951547 /* Lifeline.app */,
				6424704E2B8B3B1B00951547 /* LifelineTests.xctest */,
				642470582B8B3B1B00951547 /* LifelineUITests.xctest */,
				645DDA282B8BDDE500F712E4 /* WidgetExtensionExtension.appex */,
			);
			name = Products;
			sourceTree = "<group>";
		};
		642470402B8B3B1A00951547 /* Lifeline */ = {
			isa = PBXGroup;
			children = (
				648B31672E899A4100380C60 /* Data */,
				64703A002B8F34D100380D5C /* Views */,
				645B0B272B8CBAB000D14476 /* Model */,
				645DDA462B8BE25500F712E4 /* Lifeline.entitlements */,
				642470412B8B3B1A00951547 /* LifelineApp.swift */,
				645DDA472B8BE3F500F712E4 /* SharedAppStorage.swift */,
				642470452B8B3B1A00951547 /* Assets.xcassets */,
				642470472B8B3B1A00951547 /* Preview Content */,
			);
			path = Lifeline;
			sourceTree = "<group>";
		};
		642470472B8B3B1A00951547 /* Preview Content */ = {
			isa = PBXGroup;
			children = (
				642470482B8B3B1A00951547 /* Preview Assets.xcassets */,
			);
			path = "Preview Content";
			sourceTree = "<group>";
		};
		642470512B8B3B1B00951547 /* LifelineTests */ = {
			isa = PBXGroup;
			children = (
				642470522B8B3B1B00951547 /* LifelineTests.swift */,
			);
			path = LifelineTests;
			sourceTree = "<group>";
		};
		6424705B2B8B3B1B00951547 /* LifelineUITests */ = {
			isa = PBXGroup;
			children = (
				6424705C2B8B3B1B00951547 /* LifelineUITests.swift */,
				6424705E2B8B3B1B00951547 /* LifelineUITestsLaunchTests.swift */,
			);
			path = LifelineUITests;
			sourceTree = "<group>";
		};
		645B0B272B8CBAB000D14476 /* Model */ = {
			isa = PBXGroup;
			children = (
				645B0B282B8CDA5B00D14476 /* LifeStats.swift */,
			);
			path = Model;
			sourceTree = "<group>";
		};
		645DDA292B8BDDE500F712E4 /* Frameworks */ = {
			isa = PBXGroup;
			children = (
				645DDA2A2B8BDDE500F712E4 /* WidgetKit.framework */,
				645DDA2C2B8BDDE500F712E4 /* SwiftUI.framework */,
			);
			name = Frameworks;
			sourceTree = "<group>";
		};
		645DDA2E2B8BDDE500F712E4 /* WidgetExtension */ = {
			isa = PBXGroup;
			children = (
				645B0B2B2B8CDD6B00D14476 /* AppIntent.swift */,
				645DDA2F2B8BDDE500F712E4 /* WidgetExtensionBundle.swift */,
				645DDA332B8BDDE500F712E4 /* WidgetExtension.swift */,
				645DDA372B8BDDE600F712E4 /* Assets.xcassets */,
				645DDA392B8BDDE600F712E4 /* Info.plist */,
				645B0B2E2B8CDE6B00D14476 /* LifelineWidgetSmall.swift */,
				645B0B302B8CE78500D14476 /* LifelineWidgetMedium.swift */,
			);
			path = WidgetExtension;
			sourceTree = "<group>";
		};
		64703A002B8F34D100380D5C /* Views */ = {
			isa = PBXGroup;
			children = (
				648B31632E8998D900380C60 /* ExportView */,
				648B31602E8995EA00380C60 /* TabBarView.swift */,
				642470432B8B3B1A00951547 /* LifeExpectancyView.swift */,
				645DDA052B8BD4AE00F712E4 /* ProgressBarView.swift */,
				645DDA412B8BDF5500F712E4 /* LifelineView.swift */,
				64703A012B8F354500380D5C /* TextBubble.swift */,
				6400C7942B8F813700B11CBC /* MarkerProgressView.swift */,
			);
			path = Views;
			sourceTree = "<group>";
		};
		648B31632E8998D900380C60 /* ExportView */ = {
			isa = PBXGroup;
			children = (
				648B31642E8998E700380C60 /* ExportView.swift */,
			);
			path = ExportView;
			sourceTree = "<group>";
		};
		648B31672E899A4100380C60 /* Data */ = {
			isa = PBXGroup;
			children = (
				648B31722E89A24100380C60 /* CSV */,
				648B31682E899A5900380C60 /* HealthKit */,
			);
			path = Data;
			sourceTree = "<group>";
		};
		648B31682E899A5900380C60 /* HealthKit */ = {
			isa = PBXGroup;
			children = (
				648B316F2E899D7700380C60 /* HealthKitManager.swift */,
				648B316C2E899A9A00380C60 /* HealthKitReader.swift */,
				648B31692E899A6400380C60 /* HealthKitAuthorizer.swift */,
			);
			path = HealthKit;
			sourceTree = "<group>";
		};
		648B31722E89A24100380C60 /* CSV */ = {
			isa = PBXGroup;
			children = (
				648B31732E89A26100380C60 /* CSV.swift */,
			);
			path = CSV;
			sourceTree = "<group>";
		};
/* End PBXGroup section */

/* Begin PBXNativeTarget section */
		6424703D2B8B3B1900951547 /* Lifeline */ = {
			isa = PBXNativeTarget;
			buildConfigurationList = 642470622B8B3B1B00951547 /* Build configuration list for PBXNativeTarget "Lifeline" */;
			buildPhases = (
				6424703A2B8B3B1900951547 /* Sources */,
				6424703B2B8B3B1900951547 /* Frameworks */,
				6424703C2B8B3B1900951547 /* Resources */,
				645DDA3D2B8BDDE600F712E4 /* Embed Foundation Extensions */,
			);
			buildRules = (
			);
			dependencies = (
				645DDA3B2B8BDDE600F712E4 /* PBXTargetDependency */,
			);
			name = Lifeline;
			productName = Lifeline;
			productReference = 6424703E2B8B3B1A00951547 /* Lifeline.app */;
			productType = "com.apple.product-type.application";
		};
		6424704D2B8B3B1B00951547 /* LifelineTests */ = {
			isa = PBXNativeTarget;
			buildConfigurationList = 642470652B8B3B1B00951547 /* Build configuration list for PBXNativeTarget "LifelineTests" */;
			buildPhases = (
				6424704A2B8B3B1B00951547 /* Sources */,
				6424704B2B8B3B1B00951547 /* Frameworks */,
				6424704C2B8B3B1B00951547 /* Resources */,
			);
			buildRules = (
			);
			dependencies = (
				642470502B8B3B1B00951547 /* PBXTargetDependency */,
			);
			name = LifelineTests;
			productName = LifelineTests;
			productReference = 6424704E2B8B3B1B00951547 /* LifelineTests.xctest */;
			productType = "com.apple.product-type.bundle.unit-test";
		};
		642470572B8B3B1B00951547 /* LifelineUITests */ = {
			isa = PBXNativeTarget;
			buildConfigurationList = 642470682B8B3B1B00951547 /* Build configuration list for PBXNativeTarget "LifelineUITests" */;
			buildPhases = (
				642470542B8B3B1B00951547 /* Sources */,
				642470552B8B3B1B00951547 /* Frameworks */,
				642470562B8B3B1B00951547 /* Resources */,
			);
			buildRules = (
			);
			dependencies = (
				6424705A2B8B3B1B00951547 /* PBXTargetDependency */,
			);
			name = LifelineUITests;
			productName = LifelineUITests;
			productReference = 642470582B8B3B1B00951547 /* LifelineUITests.xctest */;
			productType = "com.apple.product-type.bundle.ui-testing";
		};
		645DDA272B8BDDE500F712E4 /* WidgetExtensionExtension */ = {
			isa = PBXNativeTarget;
			buildConfigurationList = 645DDA402B8BDDE600F712E4 /* Build configuration list for PBXNativeTarget "WidgetExtensionExtension" */;
			buildPhases = (
				645DDA242B8BDDE500F712E4 /* Sources */,
				645DDA252B8BDDE500F712E4 /* Frameworks */,
				645DDA262B8BDDE500F712E4 /* Resources */,
			);
			buildRules = (
			);
			dependencies = (
			);
			name = WidgetExtensionExtension;
			productName = WidgetExtensionExtension;
			productReference = 645DDA282B8BDDE500F712E4 /* WidgetExtensionExtension.appex */;
			productType = "com.apple.product-type.app-extension";
		};
/* End PBXNativeTarget section */

/* Begin PBXProject section */
		642470362B8B3B1900951547 /* Project object */ = {
			isa = PBXProject;
			attributes = {
				BuildIndependentTargetsInParallel = 1;
				LastSwiftUpdateCheck = 1520;
				LastUpgradeCheck = 1520;
				TargetAttributes = {
					6424703D2B8B3B1900951547 = {
						CreatedOnToolsVersion = 15.2;
					};
					6424704D2B8B3B1B00951547 = {
						CreatedOnToolsVersion = 15.2;
						TestTargetID = 6424703D2B8B3B1900951547;
					};
					642470572B8B3B1B00951547 = {
						CreatedOnToolsVersion = 15.2;
						TestTargetID = 6424703D2B8B3B1900951547;
					};
					645DDA272B8BDDE500F712E4 = {
						CreatedOnToolsVersion = 15.2;
					};
				};
			};
			buildConfigurationList = 642470392B8B3B1900951547 /* Build configuration list for PBXProject "Lifeline" */;
			compatibilityVersion = "Xcode 14.0";
			developmentRegion = en;
			hasScannedForEncodings = 0;
			knownRegions = (
				en,
				Base,
			);
			mainGroup = 642470352B8B3B1900951547;
			productRefGroup = 6424703F2B8B3B1A00951547 /* Products */;
			projectDirPath = "";
			projectRoot = "";
			targets = (
				6424703D2B8B3B1900951547 /* Lifeline */,
				6424704D2B8B3B1B00951547 /* LifelineTests */,
				642470572B8B3B1B00951547 /* LifelineUITests */,
				645DDA272B8BDDE500F712E4 /* WidgetExtensionExtension */,
			);
		};
/* End PBXProject section */

/* Begin PBXResourcesBuildPhase section */
		6424703C2B8B3B1900951547 /* Resources */ = {
			isa = PBXResourcesBuildPhase;
			buildActionMask = 2147483647;
			files = (
				642470492B8B3B1A00951547 /* Preview Assets.xcassets in Resources */,
				642470462B8B3B1A00951547 /* Assets.xcassets in Resources */,
			);
			runOnlyForDeploymentPostprocessing = 0;
		};
		6424704C2B8B3B1B00951547 /* Resources */ = {
			isa = PBXResourcesBuildPhase;
			buildActionMask = 2147483647;
			files = (
			);
			runOnlyForDeploymentPostprocessing = 0;
		};
		642470562B8B3B1B00951547 /* Resources */ = {
			isa = PBXResourcesBuildPhase;
			buildActionMask = 2147483647;
			files = (
			);
			runOnlyForDeploymentPostprocessing = 0;
		};
		645DDA262B8BDDE500F712E4 /* Resources */ = {
			isa = PBXResourcesBuildPhase;
			buildActionMask = 2147483647;
			files = (
				645DDA382B8BDDE600F712E4 /* Assets.xcassets in Resources */,
			);
			runOnlyForDeploymentPostprocessing = 0;
		};
/* End PBXResourcesBuildPhase section */

/* Begin PBXSourcesBuildPhase section */
		6424703A2B8B3B1900951547 /* Sources */ = {
			isa = PBXSourcesBuildPhase;
			buildActionMask = 2147483647;
			files = (
				645DDA422B8BDF5500F712E4 /* LifelineView.swift in Sources */,
				642470442B8B3B1A00951547 /* LifeExpectancyView.swift in Sources */,
				648B31752E89A26300380C60 /* CSV.swift in Sources */,
				645DDA482B8BE3F500F712E4 /* SharedAppStorage.swift in Sources */,
				645B0B292B8CDA5B00D14476 /* LifeStats.swift in Sources */,
				648B31662E8998E900380C60 /* ExportView.swift in Sources */,
				645B0B2C2B8CDD6B00D14476 /* AppIntent.swift in Sources */,
				642470422B8B3B1A00951547 /* LifelineApp.swift in Sources */,
				648B316A2E899A6B00380C60 /* HealthKitAuthorizer.swift in Sources */,
				645DDA062B8BD4AE00F712E4 /* ProgressBarView.swift in Sources */,
				64703A022B8F354500380D5C /* TextBubble.swift in Sources */,
				648B31622E8995F200380C60 /* TabBarView.swift in Sources */,
				648B316D2E899A9E00380C60 /* HealthKitReader.swift in Sources */,
				648B31702E899D7B00380C60 /* HealthKitManager.swift in Sources */,
				6400C7952B8F813700B11CBC /* MarkerProgressView.swift in Sources */,
			);
			runOnlyForDeploymentPostprocessing = 0;
		};
		6424704A2B8B3B1B00951547 /* Sources */ = {
			isa = PBXSourcesBuildPhase;
			buildActionMask = 2147483647;
			files = (
				642470532B8B3B1B00951547 /* LifelineTests.swift in Sources */,
			);
			runOnlyForDeploymentPostprocessing = 0;
		};
		642470542B8B3B1B00951547 /* Sources */ = {
			isa = PBXSourcesBuildPhase;
			buildActionMask = 2147483647;
			files = (
				6424705F2B8B3B1B00951547 /* LifelineUITestsLaunchTests.swift in Sources */,
				6424705D2B8B3B1B00951547 /* LifelineUITests.swift in Sources */,
			);
			runOnlyForDeploymentPostprocessing = 0;
		};
		645DDA242B8BDDE500F712E4 /* Sources */ = {
			isa = PBXSourcesBuildPhase;
			buildActionMask = 2147483647;
			files = (
				64703A052B8F4A1300380D5C /* LifelineView.swift in Sources */,
				645B0B2F2B8CDE6B00D14476 /* LifelineWidgetSmall.swift in Sources */,
				645B0B2A2B8CDA5B00D14476 /* LifeStats.swift in Sources */,
				645DDA302B8BDDE500F712E4 /* WidgetExtensionBundle.swift in Sources */,
				6400C7962B8F813700B11CBC /* MarkerProgressView.swift in Sources */,
				645B0B312B8CE78500D14476 /* LifelineWidgetMedium.swift in Sources */,
				648B316B2E899A6B00380C60 /* HealthKitAuthorizer.swift in Sources */,
				648B31712E899D7B00380C60 /* HealthKitManager.swift in Sources */,
				645DDA492B8BE3F500F712E4 /* SharedAppStorage.swift in Sources */,
				645B0B2D2B8CDD6B00D14476 /* AppIntent.swift in Sources */,
				64703A042B8F357500380D5C /* ProgressBarView.swift in Sources */,
				648B316E2E899A9E00380C60 /* HealthKitReader.swift in Sources */,
				645DDA342B8BDDE500F712E4 /* WidgetExtension.swift in Sources */,
				64703A032B8F354500380D5C /* TextBubble.swift in Sources */,
			);
			runOnlyForDeploymentPostprocessing = 0;
		};
/* End PBXSourcesBuildPhase section */

/* Begin PBXTargetDependency section */
		642470502B8B3B1B00951547 /* PBXTargetDependency */ = {
			isa = PBXTargetDependency;
			target = 6424703D2B8B3B1900951547 /* Lifeline */;
			targetProxy = 6424704F2B8B3B1B00951547 /* PBXContainerItemProxy */;
		};
		6424705A2B8B3B1B00951547 /* PBXTargetDependency */ = {
			isa = PBXTargetDependency;
			target = 6424703D2B8B3B1900951547 /* Lifeline */;
			targetProxy = 642470592B8B3B1B00951547 /* PBXContainerItemProxy */;
		};
		645DDA3B2B8BDDE600F712E4 /* PBXTargetDependency */ = {
			isa = PBXTargetDependency;
			target = 645DDA272B8BDDE500F712E4 /* WidgetExtensionExtension */;
			targetProxy = 645DDA3A2B8BDDE600F712E4 /* PBXContainerItemProxy */;
		};
/* End PBXTargetDependency section */

/* Begin XCBuildConfiguration section */
		642470602B8B3B1B00951547 /* Debug */ = {
			isa = XCBuildConfiguration;
			buildSettings = {
				ALWAYS_SEARCH_USER_PATHS = NO;
				ASSETCATALOG_COMPILER_GENERATE_SWIFT_ASSET_SYMBOL_EXTENSIONS = YES;
				CLANG_ANALYZER_NONNULL = YES;
				CLANG_ANALYZER_NUMBER_OBJECT_CONVERSION = YES_AGGRESSIVE;
				CLANG_CXX_LANGUAGE_STANDARD = "gnu++20";
				CLANG_ENABLE_MODULES = YES;
				CLANG_ENABLE_OBJC_ARC = YES;
				CLANG_ENABLE_OBJC_WEAK = YES;
				CLANG_WARN_BLOCK_CAPTURE_AUTORELEASING = YES;
				CLANG_WARN_BOOL_CONVERSION = YES;
				CLANG_WARN_COMMA = YES;
				CLANG_WARN_CONSTANT_CONVERSION = YES;
				CLANG_WARN_DEPRECATED_OBJC_IMPLEMENTATIONS = YES;
				CLANG_WARN_DIRECT_OBJC_ISA_USAGE = YES_ERROR;
				CLANG_WARN_DOCUMENTATION_COMMENTS = YES;
				CLANG_WARN_EMPTY_BODY = YES;
				CLANG_WARN_ENUM_CONVERSION = YES;
				CLANG_WARN_INFINITE_RECURSION = YES;
				CLANG_WARN_INT_CONVERSION = YES;
				CLANG_WARN_NON_LITERAL_NULL_CONVERSION = YES;
				CLANG_WARN_OBJC_IMPLICIT_RETAIN_SELF = YES;
				CLANG_WARN_OBJC_LITERAL_CONVERSION = YES;
				CLANG_WARN_OBJC_ROOT_CLASS = YES_ERROR;
				CLANG_WARN_QUOTED_INCLUDE_IN_FRAMEWORK_HEADER = YES;
				CLANG_WARN_RANGE_LOOP_ANALYSIS = YES;
				CLANG_WARN_STRICT_PROTOTYPES = YES;
				CLANG_WARN_SUSPICIOUS_MOVE = YES;
				CLANG_WARN_UNGUARDED_AVAILABILITY = YES_AGGRESSIVE;
				CLANG_WARN_UNREACHABLE_CODE = YES;
				CLANG_WARN__DUPLICATE_METHOD_MATCH = YES;
				COPY_PHASE_STRIP = NO;
				DEBUG_INFORMATION_FORMAT = dwarf;
				ENABLE_STRICT_OBJC_MSGSEND = YES;
				ENABLE_TESTABILITY = YES;
				ENABLE_USER_SCRIPT_SANDBOXING = YES;
				GCC_C_LANGUAGE_STANDARD = gnu17;
				GCC_DYNAMIC_NO_PIC = NO;
				GCC_NO_COMMON_BLOCKS = YES;
				GCC_OPTIMIZATION_LEVEL = 0;
				GCC_PREPROCESSOR_DEFINITIONS = (
					"DEBUG=1",
					"$(inherited)",
				);
				GCC_WARN_64_TO_32_BIT_CONVERSION = YES;
				GCC_WARN_ABOUT_RETURN_TYPE = YES_ERROR;
				GCC_WARN_UNDECLARED_SELECTOR = YES;
				GCC_WARN_UNINITIALIZED_AUTOS = YES_AGGRESSIVE;
				GCC_WARN_UNUSED_FUNCTION = YES;
				GCC_WARN_UNUSED_VARIABLE = YES;
				IPHONEOS_DEPLOYMENT_TARGET = 17.2;
				LOCALIZATION_PREFERS_STRING_CATALOGS = YES;
				MTL_ENABLE_DEBUG_INFO = INCLUDE_SOURCE;
				MTL_FAST_MATH = YES;
				ONLY_ACTIVE_ARCH = YES;
				SDKROOT = iphoneos;
				SWIFT_ACTIVE_COMPILATION_CONDITIONS = "DEBUG $(inherited)";
				SWIFT_OPTIMIZATION_LEVEL = "-Onone";
			};
			name = Debug;
		};
		642470612B8B3B1B00951547 /* Release */ = {
			isa = XCBuildConfiguration;
			buildSettings = {
				ALWAYS_SEARCH_USER_PATHS = NO;
				ASSETCATALOG_COMPILER_GENERATE_SWIFT_ASSET_SYMBOL_EXTENSIONS = YES;
				CLANG_ANALYZER_NONNULL = YES;
				CLANG_ANALYZER_NUMBER_OBJECT_CONVERSION = YES_AGGRESSIVE;
				CLANG_CXX_LANGUAGE_STANDARD = "gnu++20";
				CLANG_ENABLE_MODULES = YES;
				CLANG_ENABLE_OBJC_ARC = YES;
				CLANG_ENABLE_OBJC_WEAK = YES;
				CLANG_WARN_BLOCK_CAPTURE_AUTORELEASING = YES;
				CLANG_WARN_BOOL_CONVERSION = YES;
				CLANG_WARN_COMMA = YES;
				CLANG_WARN_CONSTANT_CONVERSION = YES;
				CLANG_WARN_DEPRECATED_OBJC_IMPLEMENTATIONS = YES;
				CLANG_WARN_DIRECT_OBJC_ISA_USAGE = YES_ERROR;
				CLANG_WARN_DOCUMENTATION_COMMENTS = YES;
				CLANG_WARN_EMPTY_BODY = YES;
				CLANG_WARN_ENUM_CONVERSION = YES;
				CLANG_WARN_INFINITE_RECURSION = YES;
				CLANG_WARN_INT_CONVERSION = YES;
				CLANG_WARN_NON_LITERAL_NULL_CONVERSION = YES;
				CLANG_WARN_OBJC_IMPLICIT_RETAIN_SELF = YES;
				CLANG_WARN_OBJC_LITERAL_CONVERSION = YES;
				CLANG_WARN_OBJC_ROOT_CLASS = YES_ERROR;
				CLANG_WARN_QUOTED_INCLUDE_IN_FRAMEWORK_HEADER = YES;
				CLANG_WARN_RANGE_LOOP_ANALYSIS = YES;
				CLANG_WARN_STRICT_PROTOTYPES = YES;
				CLANG_WARN_SUSPICIOUS_MOVE = YES;
				CLANG_WARN_UNGUARDED_AVAILABILITY = YES_AGGRESSIVE;
				CLANG_WARN_UNREACHABLE_CODE = YES;
				CLANG_WARN__DUPLICATE_METHOD_MATCH = YES;
				COPY_PHASE_STRIP = NO;
				DEBUG_INFORMATION_FORMAT = "dwarf-with-dsym";
				ENABLE_NS_ASSERTIONS = NO;
				ENABLE_STRICT_OBJC_MSGSEND = YES;
				ENABLE_USER_SCRIPT_SANDBOXING = YES;
				GCC_C_LANGUAGE_STANDARD = gnu17;
				GCC_NO_COMMON_BLOCKS = YES;
				GCC_WARN_64_TO_32_BIT_CONVERSION = YES;
				GCC_WARN_ABOUT_RETURN_TYPE = YES_ERROR;
				GCC_WARN_UNDECLARED_SELECTOR = YES;
				GCC_WARN_UNINITIALIZED_AUTOS = YES_AGGRESSIVE;
				GCC_WARN_UNUSED_FUNCTION = YES;
				GCC_WARN_UNUSED_VARIABLE = YES;
				IPHONEOS_DEPLOYMENT_TARGET = 17.2;
				LOCALIZATION_PREFERS_STRING_CATALOGS = YES;
				MTL_ENABLE_DEBUG_INFO = NO;
				MTL_FAST_MATH = YES;
				SDKROOT = iphoneos;
				SWIFT_COMPILATION_MODE = wholemodule;
				VALIDATE_PRODUCT = YES;
			};
			name = Release;
		};
		642470632B8B3B1B00951547 /* Debug */ = {
			isa = XCBuildConfiguration;
			buildSettings = {
				ALWAYS_EMBED_SWIFT_STANDARD_LIBRARIES = YES;
				ASSETCATALOG_COMPILER_APPICON_NAME = AppIcon;
				ASSETCATALOG_COMPILER_GLOBAL_ACCENT_COLOR_NAME = AccentColor;
				CODE_SIGN_ENTITLEMENTS = Lifeline/Lifeline.entitlements;
				CODE_SIGN_STYLE = Automatic;
				CURRENT_PROJECT_VERSION = 1;
				DEVELOPMENT_ASSET_PATHS = "\"Lifeline/Preview Content\"";
				DEVELOPMENT_TEAM = 8SREYL8WVJ;
				ENABLE_PREVIEWS = YES;
				GENERATE_INFOPLIST_FILE = YES;
				INFOPLIST_KEY_NSHealthClinicalHealthRecordsShareUsageDescription = "Lifeline needs access to your health data to export it to a csv file.";
				INFOPLIST_KEY_NSHealthShareUsageDescription = "To export data to a file, Lifeline requires read access to your health data.";
				INFOPLIST_KEY_NSSupportsLiveActivities = YES;
				INFOPLIST_KEY_UIApplicationSceneManifest_Generation = YES;
				INFOPLIST_KEY_UIApplicationSupportsIndirectInputEvents = YES;
				INFOPLIST_KEY_UILaunchScreen_Generation = YES;
				INFOPLIST_KEY_UISupportedInterfaceOrientations_iPad = "UIInterfaceOrientationPortrait UIInterfaceOrientationPortraitUpsideDown UIInterfaceOrientationLandscapeLeft UIInterfaceOrientationLandscapeRight";
				INFOPLIST_KEY_UISupportedInterfaceOrientations_iPhone = "UIInterfaceOrientationPortrait UIInterfaceOrientationLandscapeLeft UIInterfaceOrientationLandscapeRight";
				IPHONEOS_DEPLOYMENT_TARGET = 18.6;
				LD_RUNPATH_SEARCH_PATHS = (
					"$(inherited)",
					"@executable_path/Frameworks",
				);
				MARKETING_VERSION = 1.1;
				PRODUCT_BUNDLE_IDENTIFIER = com.vladz.lifeline.Lifeline;
				PRODUCT_NAME = "$(TARGET_NAME)";
				SWIFT_EMIT_LOC_STRINGS = YES;
				SWIFT_VERSION = 5.0;
				TARGETED_DEVICE_FAMILY = "1,2";
			};
			name = Debug;
		};
		642470642B8B3B1B00951547 /* Release */ = {
			isa = XCBuildConfiguration;
			buildSettings = {
				ALWAYS_EMBED_SWIFT_STANDARD_LIBRARIES = YES;
				ASSETCATALOG_COMPILER_APPICON_NAME = AppIcon;
				ASSETCATALOG_COMPILER_GLOBAL_ACCENT_COLOR_NAME = AccentColor;
				CODE_SIGN_ENTITLEMENTS = Lifeline/Lifeline.entitlements;
				CODE_SIGN_STYLE = Automatic;
				CURRENT_PROJECT_VERSION = 1;
				DEVELOPMENT_ASSET_PATHS = "\"Lifeline/Preview Content\"";
				DEVELOPMENT_TEAM = 8SREYL8WVJ;
				ENABLE_PREVIEWS = YES;
				GENERATE_INFOPLIST_FILE = YES;
				INFOPLIST_KEY_NSHealthClinicalHealthRecordsShareUsageDescription = "Lifeline needs access to your health data to export it to a csv file.";
				INFOPLIST_KEY_NSHealthShareUsageDescription = "To export data to a file, Lifeline requires read access to your health data.";
				INFOPLIST_KEY_NSSupportsLiveActivities = YES;
				INFOPLIST_KEY_UIApplicationSceneManifest_Generation = YES;
				INFOPLIST_KEY_UIApplicationSupportsIndirectInputEvents = YES;
				INFOPLIST_KEY_UILaunchScreen_Generation = YES;
				INFOPLIST_KEY_UISupportedInterfaceOrientations_iPad = "UIInterfaceOrientationPortrait UIInterfaceOrientationPortraitUpsideDown UIInterfaceOrientationLandscapeLeft UIInterfaceOrientationLandscapeRight";
				INFOPLIST_KEY_UISupportedInterfaceOrientations_iPhone = "UIInterfaceOrientationPortrait UIInterfaceOrientationLandscapeLeft UIInterfaceOrientationLandscapeRight";
				IPHONEOS_DEPLOYMENT_TARGET = 18.6;
				LD_RUNPATH_SEARCH_PATHS = (
					"$(inherited)",
					"@executable_path/Frameworks",
				);
				MARKETING_VERSION = 1.1;
				PRODUCT_BUNDLE_IDENTIFIER = com.vladz.lifeline.Lifeline;
				PRODUCT_NAME = "$(TARGET_NAME)";
				SWIFT_EMIT_LOC_STRINGS = YES;
				SWIFT_VERSION = 5.0;
				TARGETED_DEVICE_FAMILY = "1,2";
			};
			name = Release;
		};
		642470662B8B3B1B00951547 /* Debug */ = {
			isa = XCBuildConfiguration;
			buildSettings = {
				ALWAYS_EMBED_SWIFT_STANDARD_LIBRARIES = YES;
				BUNDLE_LOADER = "$(TEST_HOST)";
				CODE_SIGN_STYLE = Automatic;
				CURRENT_PROJECT_VERSION = 1;
				DEVELOPMENT_TEAM = 8SREYL8WVJ;
				GENERATE_INFOPLIST_FILE = YES;
				IPHONEOS_DEPLOYMENT_TARGET = 18.6;
				MARKETING_VERSION = 1.0;
				PRODUCT_BUNDLE_IDENTIFIER = com.vladz.lifeline.LifelineTests;
				PRODUCT_NAME = "$(TARGET_NAME)";
				SWIFT_EMIT_LOC_STRINGS = NO;
				SWIFT_VERSION = 5.0;
				TARGETED_DEVICE_FAMILY = "1,2";
				TEST_HOST = "$(BUILT_PRODUCTS_DIR)/Lifeline.app/$(BUNDLE_EXECUTABLE_FOLDER_PATH)/Lifeline";
			};
			name = Debug;
		};
		642470672B8B3B1B00951547 /* Release */ = {
			isa = XCBuildConfiguration;
			buildSettings = {
				ALWAYS_EMBED_SWIFT_STANDARD_LIBRARIES = YES;
				BUNDLE_LOADER = "$(TEST_HOST)";
				CODE_SIGN_STYLE = Automatic;
				CURRENT_PROJECT_VERSION = 1;
				DEVELOPMENT_TEAM = 8SREYL8WVJ;
				GENERATE_INFOPLIST_FILE = YES;
				IPHONEOS_DEPLOYMENT_TARGET = 18.6;
				MARKETING_VERSION = 1.0;
				PRODUCT_BUNDLE_IDENTIFIER = com.vladz.lifeline.LifelineTests;
				PRODUCT_NAME = "$(TARGET_NAME)";
				SWIFT_EMIT_LOC_STRINGS = NO;
				SWIFT_VERSION = 5.0;
				TARGETED_DEVICE_FAMILY = "1,2";
				TEST_HOST = "$(BUILT_PRODUCTS_DIR)/Lifeline.app/$(BUNDLE_EXECUTABLE_FOLDER_PATH)/Lifeline";
			};
			name = Release;
		};
		642470692B8B3B1B00951547 /* Debug */ = {
			isa = XCBuildConfiguration;
			buildSettings = {
				ALWAYS_EMBED_SWIFT_STANDARD_LIBRARIES = YES;
				CODE_SIGN_STYLE = Automatic;
				CURRENT_PROJECT_VERSION = 1;
				DEVELOPMENT_TEAM = 8SREYL8WVJ;
				GENERATE_INFOPLIST_FILE = YES;
				IPHONEOS_DEPLOYMENT_TARGET = 18.6;
				MARKETING_VERSION = 1.0;
				PRODUCT_BUNDLE_IDENTIFIER = com.vladz.lifeline.LifelineUITests;
				PRODUCT_NAME = "$(TARGET_NAME)";
				SWIFT_EMIT_LOC_STRINGS = NO;
				SWIFT_VERSION = 5.0;
				TARGETED_DEVICE_FAMILY = "1,2";
				TEST_TARGET_NAME = Lifeline;
			};
			name = Debug;
		};
		6424706A2B8B3B1B00951547 /* Release */ = {
			isa = XCBuildConfiguration;
			buildSettings = {
				ALWAYS_EMBED_SWIFT_STANDARD_LIBRARIES = YES;
				CODE_SIGN_STYLE = Automatic;
				CURRENT_PROJECT_VERSION = 1;
				DEVELOPMENT_TEAM = 8SREYL8WVJ;
				GENERATE_INFOPLIST_FILE = YES;
				IPHONEOS_DEPLOYMENT_TARGET = 18.6;
				MARKETING_VERSION = 1.0;
				PRODUCT_BUNDLE_IDENTIFIER = com.vladz.lifeline.LifelineUITests;
				PRODUCT_NAME = "$(TARGET_NAME)";
				SWIFT_EMIT_LOC_STRINGS = NO;
				SWIFT_VERSION = 5.0;
				TARGETED_DEVICE_FAMILY = "1,2";
				TEST_TARGET_NAME = Lifeline;
			};
			name = Release;
		};
		645DDA3E2B8BDDE600F712E4 /* Debug */ = {
			isa = XCBuildConfiguration;
			buildSettings = {
				ASSETCATALOG_COMPILER_GLOBAL_ACCENT_COLOR_NAME = AccentColor;
				ASSETCATALOG_COMPILER_WIDGET_BACKGROUND_COLOR_NAME = WidgetBackground;
				CODE_SIGN_ENTITLEMENTS = WidgetExtensionExtension.entitlements;
				CODE_SIGN_STYLE = Automatic;
				CURRENT_PROJECT_VERSION = 1;
				DEVELOPMENT_TEAM = 8SREYL8WVJ;
				GENERATE_INFOPLIST_FILE = YES;
				INFOPLIST_FILE = WidgetExtension/Info.plist;
				INFOPLIST_KEY_CFBundleDisplayName = WidgetExtension;
				INFOPLIST_KEY_NSHumanReadableCopyright = "";
				IPHONEOS_DEPLOYMENT_TARGET = 18.6;
				LD_RUNPATH_SEARCH_PATHS = (
					"$(inherited)",
					"@executable_path/Frameworks",
					"@executable_path/../../Frameworks",
				);
				MARKETING_VERSION = 1.0;
				PRODUCT_BUNDLE_IDENTIFIER = com.vladz.lifeline.Lifeline.ProgressExtension;
				PRODUCT_NAME = "$(TARGET_NAME)";
				SKIP_INSTALL = YES;
				SWIFT_EMIT_LOC_STRINGS = YES;
				SWIFT_VERSION = 5.0;
				TARGETED_DEVICE_FAMILY = "1,2";
			};
			name = Debug;
		};
		645DDA3F2B8BDDE600F712E4 /* Release */ = {
			isa = XCBuildConfiguration;
			buildSettings = {
				ASSETCATALOG_COMPILER_GLOBAL_ACCENT_COLOR_NAME = AccentColor;
				ASSETCATALOG_COMPILER_WIDGET_BACKGROUND_COLOR_NAME = WidgetBackground;
				CODE_SIGN_ENTITLEMENTS = WidgetExtensionExtension.entitlements;
				CODE_SIGN_STYLE = Automatic;
				CURRENT_PROJECT_VERSION = 1;
				DEVELOPMENT_TEAM = 8SREYL8WVJ;
				GENERATE_INFOPLIST_FILE = YES;
				INFOPLIST_FILE = WidgetExtension/Info.plist;
				INFOPLIST_KEY_CFBundleDisplayName = WidgetExtension;
				INFOPLIST_KEY_NSHumanReadableCopyright = "";
				IPHONEOS_DEPLOYMENT_TARGET = 18.6;
				LD_RUNPATH_SEARCH_PATHS = (
					"$(inherited)",
					"@executable_path/Frameworks",
					"@executable_path/../../Frameworks",
				);
				MARKETING_VERSION = 1.0;
				PRODUCT_BUNDLE_IDENTIFIER = com.vladz.lifeline.Lifeline.ProgressExtension;
				PRODUCT_NAME = "$(TARGET_NAME)";
				SKIP_INSTALL = YES;
				SWIFT_EMIT_LOC_STRINGS = YES;
				SWIFT_VERSION = 5.0;
				TARGETED_DEVICE_FAMILY = "1,2";
			};
			name = Release;
		};
/* End XCBuildConfiguration section */

/* Begin XCConfigurationList section */
		642470392B8B3B1900951547 /* Build configuration list for PBXProject "Lifeline" */ = {
			isa = XCConfigurationList;
			buildConfigurations = (
				642470602B8B3B1B00951547 /* Debug */,
				642470612B8B3B1B00951547 /* Release */,
			);
			defaultConfigurationIsVisible = 0;
			defaultConfigurationName = Release;
		};
		642470622B8B3B1B00951547 /* Build configuration list for PBXNativeTarget "Lifeline" */ = {
			isa = XCConfigurationList;
			buildConfigurations = (
				642470632B8B3B1B00951547 /* Debug */,
				642470642B8B3B1B00951547 /* Release */,
			);
			defaultConfigurationIsVisible = 0;
			defaultConfigurationName = Release;
		};
		642470652B8B3B1B00951547 /* Build configuration list for PBXNativeTarget "LifelineTests" */ = {
			isa = XCConfigurationList;
			buildConfigurations = (
				642470662B8B3B1B00951547 /* Debug */,
				642470672B8B3B1B00951547 /* Release */,
			);
			defaultConfigurationIsVisible = 0;
			defaultConfigurationName = Release;
		};
		642470682B8B3B1B00951547 /* Build configuration list for PBXNativeTarget "LifelineUITests" */ = {
			isa = XCConfigurationList;
			buildConfigurations = (
				642470692B8B3B1B00951547 /* Debug */,
				6424706A2B8B3B1B00951547 /* Release */,
			);
			defaultConfigurationIsVisible = 0;
			defaultConfigurationName = Release;
		};
		645DDA402B8BDDE600F712E4 /* Build configuration list for PBXNativeTarget "WidgetExtensionExtension" */ = {
			isa = XCConfigurationList;
			buildConfigurations = (
				645DDA3E2B8BDDE600F712E4 /* Debug */,
				645DDA3F2B8BDDE600F712E4 /* Release */,
			);
			defaultConfigurationIsVisible = 0;
			defaultConfigurationName = Release;
		};
/* End XCConfigurationList section */
	};
	rootObject = 642470362B8B3B1900951547 /* Project object */;
}
